
Microsoft Visual Studio Solution File, Format Version 12.00
# Visual Studio Version 17
VisualStudioVersion = 17.5.002.0
MinimumVisualStudioVersion = 10.0.40219.1
Project("{9A19103F-16F7-4668-BE54-9A1E7A4F7556}") = "ProjetoPTI", "ProjetoPTI.csproj", "{52BF5F43-3857-42E2-9DDC-BA259DD15500}"
EndProject
Global
	GlobalSection(SolutionConfigurationPlatforms) = preSolution
		Debug|Any CPU = Debug|Any CPU
		Release|Any CPU = Release|Any CPU
	EndGlobalSection
	GlobalSection(ProjectConfigurationPlatforms) = postSolution
		{52BF5F43-3857-42E2-9DDC-BA259DD15500}.Debug|Any CPU.ActiveCfg = Debug|Any CPU
		{52BF5F43-3857-42E2-9DDC-BA259DD15500}.Debug|Any CPU.Build.0 = Debug|Any CPU
		{52BF5F43-3857-42E2-9DDC-BA259DD15500}.Release|Any CPU.ActiveCfg = Release|Any CPU
		{52BF5F43-3857-42E2-9DDC-BA259DD15500}.Release|Any CPU.Build.0 = Release|Any CPU
	EndGlobalSection
	GlobalSection(SolutionProperties) = preSolution
		HideSolutionNode = FALSE
	EndGlobalSection
	GlobalSection(ExtensibilityGlobals) = postSolution
		SolutionGuid = {56124396-91A3-4F7C-8C91-259C2008406C}
	EndGlobalSection
EndGlobal
